{
  "name": "swagger-ui-dist",
  "version": "5.18.2",
  "lockfileVersion": 3,
  "requires": true,
  "packages": {
    "": {
      "name": "swagger-ui-dist",
      "version": "5.18.2",
      "license": "Apache-2.0",
      "dependencies": {
        "@scarf/scarf": "=1.4.0"
      },
      "devDependencies": {}
    },
    "node_modules/@scarf/scarf": {
      "version": "1.4.0",
      "hasInstallScript": true,
      "license": "Apache-2.0"
    }
  }
}
